
Microsoft Visual Studio Solution File, Format Version 12.00
# Visual Studio Version 17
VisualStudioVersion = 17.4.33213.308
MinimumVisualStudioVersion = 10.0.40219.1
Project("{FAE04EC0-301F-11D3-BF4B-00C04F79EFBC}") = "PixelPulse-DiccionarioYogaV2", "PixelPulse-DiccionarioYogaV2\PixelPulse-DiccionarioYogaV2.csproj", "{E182E0B8-8C84-490A-8D0E-1D77FA783E05}"
EndProject
Global
	GlobalSection(SolutionConfigurationPlatforms) = preSolution
		Debug|Any CPU = Debug|Any CPU
		Release|Any CPU = Release|Any CPU
	EndGlobalSection
	GlobalSection(ProjectConfigurationPlatforms) = postSolution
		{E182E0B8-8C84-490A-8D0E-1D77FA783E05}.Debug|Any CPU.ActiveCfg = Debug|Any CPU
		{E182E0B8-8C84-490A-8D0E-1D77FA783E05}.Debug|Any CPU.Build.0 = Debug|Any CPU
		{E182E0B8-8C84-490A-8D0E-1D77FA783E05}.Release|Any CPU.ActiveCfg = Release|Any CPU
		{E182E0B8-8C84-490A-8D0E-1D77FA783E05}.Release|Any CPU.Build.0 = Release|Any CPU
	EndGlobalSection
	GlobalSection(SolutionProperties) = preSolution
		HideSolutionNode = FALSE
	EndGlobalSection
	GlobalSection(ExtensibilityGlobals) = postSolution
		SolutionGuid = {F9EE0A2F-D6ED-428E-A7F1-3150A8777360}
	EndGlobalSection
EndGlobal
