
Microsoft Visual Studio Solution File, Format Version 12.00
# Visual Studio Version 17
VisualStudioVersion = 17.4.33213.308
MinimumVisualStudioVersion = 10.0.40219.1
Project("{FAE04EC0-301F-11D3-BF4B-00C04F79EFBC}") = "ProyectoYoga-PixelPulse", "ProyectoYoga-PixelPulse\ProyectoYoga-PixelPulse.csproj", "{8D030F78-686B-4548-AD98-B0C5C1CE441C}"
EndProject
Global
	GlobalSection(SolutionConfigurationPlatforms) = preSolution
		Debug|Any CPU = Debug|Any CPU
		Release|Any CPU = Release|Any CPU
	EndGlobalSection
	GlobalSection(ProjectConfigurationPlatforms) = postSolution
		{8D030F78-686B-4548-AD98-B0C5C1CE441C}.Debug|Any CPU.ActiveCfg = Debug|Any CPU
		{8D030F78-686B-4548-AD98-B0C5C1CE441C}.Debug|Any CPU.Build.0 = Debug|Any CPU
		{8D030F78-686B-4548-AD98-B0C5C1CE441C}.Release|Any CPU.ActiveCfg = Release|Any CPU
		{8D030F78-686B-4548-AD98-B0C5C1CE441C}.Release|Any CPU.Build.0 = Release|Any CPU
	EndGlobalSection
	GlobalSection(SolutionProperties) = preSolution
		HideSolutionNode = FALSE
	EndGlobalSection
	GlobalSection(ExtensibilityGlobals) = postSolution
		SolutionGuid = {16424679-5045-4D7D-9CEE-A803429D1447}
	EndGlobalSection
EndGlobal
